
Microsoft Visual Studio Solution File, Format Version 12.00
# Visual Studio Version 17
VisualStudioVersion = 17.11.35222.181
MinimumVisualStudioVersion = 10.0.40219.1
Project("{FAE04EC0-301F-11D3-BF4B-00C04F79EFBC}") = "PE_Lists_Baker", "PE_Lists_Baker\PE_Lists_Baker.csproj", "{FE7992D0-B420-48CE-8527-D73D482C2E47}"
EndProject
Global
	GlobalSection(SolutionConfigurationPlatforms) = preSolution
		Debug|Any CPU = Debug|Any CPU
		Release|Any CPU = Release|Any CPU
	EndGlobalSection
	GlobalSection(ProjectConfigurationPlatforms) = postSolution
		{FE7992D0-B420-48CE-8527-D73D482C2E47}.Debug|Any CPU.ActiveCfg = Debug|Any CPU
		{FE7992D0-B420-48CE-8527-D73D482C2E47}.Debug|Any CPU.Build.0 = Debug|Any CPU
		{FE7992D0-B420-48CE-8527-D73D482C2E47}.Release|Any CPU.ActiveCfg = Release|Any CPU
		{FE7992D0-B420-48CE-8527-D73D482C2E47}.Release|Any CPU.Build.0 = Release|Any CPU
	EndGlobalSection
	GlobalSection(SolutionProperties) = preSolution
		HideSolutionNode = FALSE
	EndGlobalSection
	GlobalSection(ExtensibilityGlobals) = postSolution
		SolutionGuid = {8789C2C5-3C94-4ECB-AAEA-389593473789}
	EndGlobalSection
EndGlobal
