
Microsoft Visual Studio Solution File, Format Version 12.00
# Visual Studio Version 17
VisualStudioVersion = 17.11.35222.181
MinimumVisualStudioVersion = 10.0.40219.1
Project("{FAE04EC0-301F-11D3-BF4B-00C04F79EFBC}") = "HW5_TheFarmstead_Baker", "HW5_TheFarmstead_Baker\HW5_TheFarmstead_Baker.csproj", "{430438C9-B2F2-4A65-B20A-7AD4F65DDC05}"
EndProject
Global
	GlobalSection(SolutionConfigurationPlatforms) = preSolution
		Debug|Any CPU = Debug|Any CPU
		Release|Any CPU = Release|Any CPU
	EndGlobalSection
	GlobalSection(ProjectConfigurationPlatforms) = postSolution
		{430438C9-B2F2-4A65-B20A-7AD4F65DDC05}.Debug|Any CPU.ActiveCfg = Debug|Any CPU
		{430438C9-B2F2-4A65-B20A-7AD4F65DDC05}.Debug|Any CPU.Build.0 = Debug|Any CPU
		{430438C9-B2F2-4A65-B20A-7AD4F65DDC05}.Release|Any CPU.ActiveCfg = Release|Any CPU
		{430438C9-B2F2-4A65-B20A-7AD4F65DDC05}.Release|Any CPU.Build.0 = Release|Any CPU
	EndGlobalSection
	GlobalSection(SolutionProperties) = preSolution
		HideSolutionNode = FALSE
	EndGlobalSection
	GlobalSection(ExtensibilityGlobals) = postSolution
		SolutionGuid = {69135565-7888-48FA-B597-6DB77CFB5E85}
	EndGlobalSection
EndGlobal
