
Microsoft Visual Studio Solution File, Format Version 12.00
# Visual Studio Version 17
VisualStudioVersion = 17.11.35222.181
MinimumVisualStudioVersion = 10.0.40219.1
Project("{FAE04EC0-301F-11D3-BF4B-00C04F79EFBC}") = "PR_castingMathDocumentation_Baker", "PR_castingMathDocumentation_Baker\PR_castingMathDocumentation_Baker.csproj", "{44985B77-12ED-46EC-81B3-4B9AA8206D44}"
EndProject
Global
	GlobalSection(SolutionConfigurationPlatforms) = preSolution
		Debug|Any CPU = Debug|Any CPU
		Release|Any CPU = Release|Any CPU
	EndGlobalSection
	GlobalSection(ProjectConfigurationPlatforms) = postSolution
		{44985B77-12ED-46EC-81B3-4B9AA8206D44}.Debug|Any CPU.ActiveCfg = Debug|Any CPU
		{44985B77-12ED-46EC-81B3-4B9AA8206D44}.Debug|Any CPU.Build.0 = Debug|Any CPU
		{44985B77-12ED-46EC-81B3-4B9AA8206D44}.Release|Any CPU.ActiveCfg = Release|Any CPU
		{44985B77-12ED-46EC-81B3-4B9AA8206D44}.Release|Any CPU.Build.0 = Release|Any CPU
	EndGlobalSection
	GlobalSection(SolutionProperties) = preSolution
		HideSolutionNode = FALSE
	EndGlobalSection
	GlobalSection(ExtensibilityGlobals) = postSolution
		SolutionGuid = {0FCD0352-B78A-4EFF-9077-2DABB6FB3E33}
	EndGlobalSection
EndGlobal
