
Microsoft Visual Studio Solution File, Format Version 12.00
# Visual Studio Version 17
VisualStudioVersion = 17.10.35027.167
MinimumVisualStudioVersion = 10.0.40219.1
Project("{FAE04EC0-301F-11D3-BF4B-00C04F79EFBC}") = "PE_HelloWorld_WHB", "PE_HelloWorld_WHB\PE_HelloWorld_WHB.csproj", "{C147CDB1-2FE9-47EB-ABA0-709DD7D6CFBA}"
EndProject
Global
	GlobalSection(SolutionConfigurationPlatforms) = preSolution
		Debug|Any CPU = Debug|Any CPU
		Release|Any CPU = Release|Any CPU
	EndGlobalSection
	GlobalSection(ProjectConfigurationPlatforms) = postSolution
		{C147CDB1-2FE9-47EB-ABA0-709DD7D6CFBA}.Debug|Any CPU.ActiveCfg = Debug|Any CPU
		{C147CDB1-2FE9-47EB-ABA0-709DD7D6CFBA}.Debug|Any CPU.Build.0 = Debug|Any CPU
		{C147CDB1-2FE9-47EB-ABA0-709DD7D6CFBA}.Release|Any CPU.ActiveCfg = Release|Any CPU
		{C147CDB1-2FE9-47EB-ABA0-709DD7D6CFBA}.Release|Any CPU.Build.0 = Release|Any CPU
	EndGlobalSection
	GlobalSection(SolutionProperties) = preSolution
		HideSolutionNode = FALSE
	EndGlobalSection
	GlobalSection(ExtensibilityGlobals) = postSolution
		SolutionGuid = {F44DB979-07CA-44A5-ABCF-4027A51F0DE2}
	EndGlobalSection
EndGlobal
