
Microsoft Visual Studio Solution File, Format Version 12.00
# Visual Studio Version 17
VisualStudioVersion = 17.11.35222.181
MinimumVisualStudioVersion = 10.0.40219.1
Project("{FAE04EC0-301F-11D3-BF4B-00C04F79EFBC}") = "PE_IfsSwitches_Baker", "PE_IfsSwitches_Baker\PE_IfsSwitches_Baker.csproj", "{7BA592F1-AEFC-4C26-B7A7-80F2B32331A6}"
EndProject
Global
	GlobalSection(SolutionConfigurationPlatforms) = preSolution
		Debug|Any CPU = Debug|Any CPU
		Release|Any CPU = Release|Any CPU
	EndGlobalSection
	GlobalSection(ProjectConfigurationPlatforms) = postSolution
		{7BA592F1-AEFC-4C26-B7A7-80F2B32331A6}.Debug|Any CPU.ActiveCfg = Debug|Any CPU
		{7BA592F1-AEFC-4C26-B7A7-80F2B32331A6}.Debug|Any CPU.Build.0 = Debug|Any CPU
		{7BA592F1-AEFC-4C26-B7A7-80F2B32331A6}.Release|Any CPU.ActiveCfg = Release|Any CPU
		{7BA592F1-AEFC-4C26-B7A7-80F2B32331A6}.Release|Any CPU.Build.0 = Release|Any CPU
	EndGlobalSection
	GlobalSection(SolutionProperties) = preSolution
		HideSolutionNode = FALSE
	EndGlobalSection
	GlobalSection(ExtensibilityGlobals) = postSolution
		SolutionGuid = {2F9474C4-0319-47F2-8137-EC829F22CD22}
	EndGlobalSection
EndGlobal
