
Microsoft Visual Studio Solution File, Format Version 12.00
# Visual Studio Version 17
VisualStudioVersion = 17.11.35222.181
MinimumVisualStudioVersion = 10.0.40219.1
Project("{FAE04EC0-301F-11D3-BF4B-00C04F79EFBC}") = "PE_Properties_Baker", "PE_Properties_Baker\PE_Properties_Baker.csproj", "{38DFD24F-6846-4004-8612-E27E2486C48D}"
EndProject
Global
	GlobalSection(SolutionConfigurationPlatforms) = preSolution
		Debug|Any CPU = Debug|Any CPU
		Release|Any CPU = Release|Any CPU
	EndGlobalSection
	GlobalSection(ProjectConfigurationPlatforms) = postSolution
		{38DFD24F-6846-4004-8612-E27E2486C48D}.Debug|Any CPU.ActiveCfg = Debug|Any CPU
		{38DFD24F-6846-4004-8612-E27E2486C48D}.Debug|Any CPU.Build.0 = Debug|Any CPU
		{38DFD24F-6846-4004-8612-E27E2486C48D}.Release|Any CPU.ActiveCfg = Release|Any CPU
		{38DFD24F-6846-4004-8612-E27E2486C48D}.Release|Any CPU.Build.0 = Release|Any CPU
	EndGlobalSection
	GlobalSection(SolutionProperties) = preSolution
		HideSolutionNode = FALSE
	EndGlobalSection
	GlobalSection(ExtensibilityGlobals) = postSolution
		SolutionGuid = {F8C8BF02-B00C-4A55-BC71-5D4412019DD3}
	EndGlobalSection
EndGlobal
