
Microsoft Visual Studio Solution File, Format Version 12.00
# Visual Studio Version 17
VisualStudioVersion = 17.11.35222.181
MinimumVisualStudioVersion = 10.0.40219.1
Project("{FAE04EC0-301F-11D3-BF4B-00C04F79EFBC}") = "statsAnalysis_Baker", "statsAnalysis_Baker\statsAnalysis_Baker.csproj", "{7A87A789-16AC-449C-8F71-F97924AD3D85}"
EndProject
Global
	GlobalSection(SolutionConfigurationPlatforms) = preSolution
		Debug|Any CPU = Debug|Any CPU
		Release|Any CPU = Release|Any CPU
	EndGlobalSection
	GlobalSection(ProjectConfigurationPlatforms) = postSolution
		{7A87A789-16AC-449C-8F71-F97924AD3D85}.Debug|Any CPU.ActiveCfg = Debug|Any CPU
		{7A87A789-16AC-449C-8F71-F97924AD3D85}.Debug|Any CPU.Build.0 = Debug|Any CPU
		{7A87A789-16AC-449C-8F71-F97924AD3D85}.Release|Any CPU.ActiveCfg = Release|Any CPU
		{7A87A789-16AC-449C-8F71-F97924AD3D85}.Release|Any CPU.Build.0 = Release|Any CPU
	EndGlobalSection
	GlobalSection(SolutionProperties) = preSolution
		HideSolutionNode = FALSE
	EndGlobalSection
	GlobalSection(ExtensibilityGlobals) = postSolution
		SolutionGuid = {DE7A8B09-AFC3-4C00-A29C-00123DA6D4FB}
	EndGlobalSection
EndGlobal
