
Microsoft Visual Studio Solution File, Format Version 12.00
# Visual Studio Version 17
VisualStudioVersion = 17.11.35222.181
MinimumVisualStudioVersion = 10.0.40219.1
Project("{FAE04EC0-301F-11D3-BF4B-00C04F79EFBC}") = "PE_IfStatements_Baker", "PE_IfStatements_Baker\PE_IfStatements_Baker.csproj", "{1DEDE474-C611-46EB-B1FB-6B6AC6A766D1}"
EndProject
Global
	GlobalSection(SolutionConfigurationPlatforms) = preSolution
		Debug|Any CPU = Debug|Any CPU
		Release|Any CPU = Release|Any CPU
	EndGlobalSection
	GlobalSection(ProjectConfigurationPlatforms) = postSolution
		{1DEDE474-C611-46EB-B1FB-6B6AC6A766D1}.Debug|Any CPU.ActiveCfg = Debug|Any CPU
		{1DEDE474-C611-46EB-B1FB-6B6AC6A766D1}.Debug|Any CPU.Build.0 = Debug|Any CPU
		{1DEDE474-C611-46EB-B1FB-6B6AC6A766D1}.Release|Any CPU.ActiveCfg = Release|Any CPU
		{1DEDE474-C611-46EB-B1FB-6B6AC6A766D1}.Release|Any CPU.Build.0 = Release|Any CPU
	EndGlobalSection
	GlobalSection(SolutionProperties) = preSolution
		HideSolutionNode = FALSE
	EndGlobalSection
	GlobalSection(ExtensibilityGlobals) = postSolution
		SolutionGuid = {91C047CE-A9D9-48D3-ADD1-AE91D18E0531}
	EndGlobalSection
EndGlobal
